// !$*UTF8*$!
{
	archiveVersion = 1;
	classes = {
	};
	objectVersion = 46;
	objects = {
/* Begin PBXBuildFile section */
		0207DA581B56EA530066E2B4 /* Images.xcassets in Resources */ = {isa = PBXBuildFile; fileRef = 0207DA571B56EA530066E2B4 /* Images.xcassets */; };
		1D3623260D0F684500981E51 /* AppDelegate.m in Sources */ = {isa = PBXBuildFile; fileRef = 1D3623250D0F684500981E51 /* AppDelegate.m */; };
		1D60589B0D05DD56006BFB54 /* main.m in Sources */ = {isa = PBXBuildFile; fileRef = 29B97316FDCFA39411CA2CEA /* main.m */; };
		301BF552109A68D80062928A /* libCordova.a in Frameworks */ = {isa = PBXBuildFile; fileRef = 301BF535109A57CC0062928A /* libCordova.a */; };
		302D95F114D2391D003F00A1 /* MainViewController.m in Sources */ = {isa = PBXBuildFile; fileRef = 302D95EF14D2391D003F00A1 /* MainViewController.m */; };
		302D95F214D2391D003F00A1 /* MainViewController.xib in Resources */ = {isa = PBXBuildFile; fileRef = 302D95F014D2391D003F00A1 /* MainViewController.xib */; };
		3047A5121AB8059700498E2A /* build-debug.xcconfig in Resources */ = {isa = PBXBuildFile; fileRef = 3047A50F1AB8059700498E2A /* build-debug.xcconfig */; };
		3047A5131AB8059700498E2A /* build-release.xcconfig in Resources */ = {isa = PBXBuildFile; fileRef = 3047A5101AB8059700498E2A /* build-release.xcconfig */; };
		3047A5141AB8059700498E2A /* build.xcconfig in Resources */ = {isa = PBXBuildFile; fileRef = 3047A5111AB8059700498E2A /* build.xcconfig */; };
		996856FECB6944B283C78593 /* CDVBattery.m in Sources */ = {isa = PBXBuildFile; fileRef = 417BC27504A44A9EAC1C3CBC /* CDVBattery.m */; };
		DCF3935350284311994A77A4 /* CDVLogger.m in Sources */ = {isa = PBXBuildFile; fileRef = 2656BC76969046E5971CD249 /* CDVLogger.m */; };
		283BA5535F324D3FBE8F1B24 /* CDVDevice.m in Sources */ = {isa = PBXBuildFile; fileRef = 9BD9DAE8C0434A5387E05E32 /* CDVDevice.m */; };
		F9FFB6D4CF264B06B6CD859A /* libz.tbd in Resources */ = {isa = PBXBuildFile; fileRef = A4DF8E5789BB455DB3A5469B /* libz.tbd */; };
		A40431C1A5714BFDA3E3927C /* CDVNotification.m in Sources */ = {isa = PBXBuildFile; fileRef = 75BC1757E7F94A41B954A068 /* CDVNotification.m */; };
		713B5451A00B46C7BB8216BD /* CDVNotification.bundle in Resources */ = {isa = PBXBuildFile; fileRef = 93B2014CE9384402816BD531 /* CDVNotification.bundle */; };
		18CC2EBD6EC447D289FCD85A /* AudioToolbox.framework in Frameworks */ = {isa = PBXBuildFile; fileRef = F0A1266A29B944FDBB9D4BA0 /* AudioToolbox.framework */; settings = {ATTRIBUTES = (Weak, ); }; };
		9877B1CC42AE4C438682D2C1 /* CDVFile.m in Sources */ = {isa = PBXBuildFile; fileRef = 6CE3A1366AA3424DBFE2A9BB /* CDVFile.m */; };
		E3B547F592734DDCB16BC732 /* CDVLocalFilesystem.m in Sources */ = {isa = PBXBuildFile; fileRef = 6FED704F977440F2BFBDA0CD /* CDVLocalFilesystem.m */; };
		1A1AED44B5334BFC9DA467D0 /* CDVAssetLibraryFilesystem.m in Sources */ = {isa = PBXBuildFile; fileRef = 31EA8C416A1845A39F56B2CE /* CDVAssetLibraryFilesystem.m */; };
		2C56370278BA4FEE83D35A70 /* CDVLocation.m in Sources */ = {isa = PBXBuildFile; fileRef = B0B75F422A754B1791E570E3 /* CDVLocation.m */; };
		F6558608085D4025B42B38EF /* CoreLocation.framework in Frameworks */ = {isa = PBXBuildFile; fileRef = 7B64DB20446D451E98D68274 /* CoreLocation.framework */; };
		B6B7991DFC50419789EDF4BA /* CDVGlobalization.m in Sources */ = {isa = PBXBuildFile; fileRef = 7CD41BA69790460EBFBDBE34 /* CDVGlobalization.m */; };
		BA932A297D364489915CCF22 /* CDVSound.m in Sources */ = {isa = PBXBuildFile; fileRef = C1E5E80B4D704C8BA9D1DA39 /* CDVSound.m */; };
		DA484F6A12C5498F8387095F /* CDVSplashScreen.m in Sources */ = {isa = PBXBuildFile; fileRef = 45EDB4DB41044C9585CEB371 /* CDVSplashScreen.m */; };
		B91BE1D5246D48B0B04D1F45 /* CDVViewController+SplashScreen.m in Sources */ = {isa = PBXBuildFile; fileRef = ED857CD407D944ABA58F45F4 /* CDVViewController+SplashScreen.m */; };
		726358BE4BE24601A2AE62DC /* CDVStatusBar.m in Sources */ = {isa = PBXBuildFile; fileRef = A8F69ECD5C5048ABAE2C7B83 /* CDVStatusBar.m */; };
		A168A6097B01414892623ABF /* NSString+SSURLEncoding.m in Sources */ = {isa = PBXBuildFile; fileRef = F068AF4D619C4076B062F1BB /* NSString+SSURLEncoding.m */; };
		CD2EB8C496D94618ACD2B53F /* SocialSharing.m in Sources */ = {isa = PBXBuildFile; fileRef = AC1F4324485F4D94BAF91F3D /* SocialSharing.m */; };
		5C9AD79E20EB4EE68D89D8A6 /* Social.framework in Frameworks */ = {isa = PBXBuildFile; fileRef = 049784D4F8664013AAB4D7E8 /* Social.framework */; settings = {ATTRIBUTES = (Weak, ); }; };
		00E38CEFEA744587B5486137 /* MessageUI.framework in Frameworks */ = {isa = PBXBuildFile; fileRef = 6A810E7C99214DD9A36A48BB /* MessageUI.framework */; settings = {ATTRIBUTES = (Weak, ); }; };
		B088E42608744733A8539FC3 /* CDVCapture.m in Sources */ = {isa = PBXBuildFile; fileRef = 488B16251A8543318F2C1567 /* CDVCapture.m */; };
		91EAB14E47D145F09E0765A1 /* CDVCapture.bundle in Resources */ = {isa = PBXBuildFile; fileRef = DE77D415D3584B48B849E9FF /* CDVCapture.bundle */; };
		AD054F1E7F5449E6B1488A0C /* CDVMediaStream.m in Sources */ = {isa = PBXBuildFile; fileRef = 4B90F072693143D1A93F41AF /* CDVMediaStream.m */; };
		EDE98CA434B84D1A9A5143AE /* CameraViewController.m in Sources */ = {isa = PBXBuildFile; fileRef = 3E5164D01367483A9BECDB40 /* CameraViewController.m */; };
		80959077FEA244B1A8890D6F /* JPSCameraButton.m in Sources */ = {isa = PBXBuildFile; fileRef = 2A1825EA85A14BF09FD7DA56 /* JPSCameraButton.m */; };
		C0B8E384DB1846059FC00738 /* UIImage+DrawBlock.m in Sources */ = {isa = PBXBuildFile; fileRef = D11C58039D4640949256D72A /* UIImage+DrawBlock.m */; };
		428C91A128674FF79305758E /* CameraViewController.xib in Resources */ = {isa = PBXBuildFile; fileRef = DCA154E25611403B8342D749 /* CameraViewController.xib */; };
		F9019E95058B4D7B8D44E00E /* CDVMediaRecorder.m in Sources */ = {isa = PBXBuildFile; fileRef = 34E7E5AFCA434729A14FC1C9 /* CDVMediaRecorder.m */; };
		E7C2C2D1B4D54CDE92828758 /* CDVAudioRecorder.m in Sources */ = {isa = PBXBuildFile; fileRef = 72A06128F6FE4CCB81463AA9 /* CDVAudioRecorder.m */; };
		D705AD718B80481EB4685E92 /* CDVMediaRecorder.bundle in Resources */ = {isa = PBXBuildFile; fileRef = 6B7913BFEAA248CB89E24965 /* CDVMediaRecorder.bundle */; };
/* End PBXBuildFile section */

/* Begin PBXContainerItemProxy section */
		301BF534109A57CC0062928A /* PBXContainerItemProxy */ = {
			isa = PBXContainerItemProxy;
			containerPortal = 301BF52D109A57CC0062928A /* CordovaLib.xcodeproj */;
			proxyType = 2;
			remoteGlobalIDString = D2AAC07E0554694100DB518D;
			remoteInfo = CordovaLib;
		};
		301BF550109A68C00062928A /* PBXContainerItemProxy */ = {
			isa = PBXContainerItemProxy;
			containerPortal = 301BF52D109A57CC0062928A /* CordovaLib.xcodeproj */;
			proxyType = 1;
			remoteGlobalIDString = D2AAC07D0554694100DB518D;
			remoteInfo = CordovaLib;
		};
/* End PBXContainerItemProxy section */

/* Begin PBXFileReference section */
		0207DA571B56EA530066E2B4 /* Images.xcassets */ = {isa = PBXFileReference; lastKnownFileType = folder.assetcatalog; name = Images.xcassets; path = "Minds Eye/Images.xcassets"; sourceTree = SOURCE_ROOT; };
		1D3623240D0F684500981E51 /* AppDelegate.h */ = {isa = PBXFileReference; fileEncoding = 4; lastKnownFileType = sourcecode.c.h; path = AppDelegate.h; sourceTree = "<group>"; };
		1D3623250D0F684500981E51 /* AppDelegate.m */ = {isa = PBXFileReference; fileEncoding = 4; lastKnownFileType = sourcecode.c.objc; path = AppDelegate.m; sourceTree = "<group>"; };
		1D6058910D05DD3D006BFB54 /* Minds Eye.app */ = {isa = PBXFileReference; explicitFileType = wrapper.application; includeInIndex = 0; path = "Minds Eye.app"; sourceTree = BUILT_PRODUCTS_DIR; };
		29B97316FDCFA39411CA2CEA /* main.m */ = {isa = PBXFileReference; fileEncoding = 4; lastKnownFileType = sourcecode.c.objc; path = main.m; sourceTree = "<group>"; };
		301BF52D109A57CC0062928A /* CordovaLib.xcodeproj */ = {isa = PBXFileReference; lastKnownFileType = "wrapper.pb-project"; name = CordovaLib.xcodeproj; path = CordovaLib/CordovaLib.xcodeproj; sourceTree = "<group>"; };
		301BF56E109A69640062928A /* www */ = {isa = PBXFileReference; lastKnownFileType = folder; path = www; sourceTree = SOURCE_ROOT; };
		302D95EE14D2391D003F00A1 /* MainViewController.h */ = {isa = PBXFileReference; fileEncoding = 4; lastKnownFileType = sourcecode.c.h; path = MainViewController.h; sourceTree = "<group>"; };
		302D95EF14D2391D003F00A1 /* MainViewController.m */ = {isa = PBXFileReference; fileEncoding = 4; lastKnownFileType = sourcecode.c.objc; path = MainViewController.m; sourceTree = "<group>"; };
		302D95F014D2391D003F00A1 /* MainViewController.xib */ = {isa = PBXFileReference; fileEncoding = 4; lastKnownFileType = file.xib; path = MainViewController.xib; sourceTree = "<group>"; };
		3047A50F1AB8059700498E2A /* build-debug.xcconfig */ = {isa = PBXFileReference; fileEncoding = 4; lastKnownFileType = text.xcconfig; name = "build-debug.xcconfig"; path = cordova/build-debug.xcconfig; sourceTree = SOURCE_ROOT; };
		3047A5101AB8059700498E2A /* build-release.xcconfig */ = {isa = PBXFileReference; fileEncoding = 4; lastKnownFileType = text.xcconfig; name = "build-release.xcconfig"; path = cordova/build-release.xcconfig; sourceTree = SOURCE_ROOT; };
		3047A5111AB8059700498E2A /* build.xcconfig */ = {isa = PBXFileReference; fileEncoding = 4; lastKnownFileType = text.xcconfig; name = build.xcconfig; path = cordova/build.xcconfig; sourceTree = SOURCE_ROOT; };
		32CA4F630368D1EE00C91783 /* Minds Eye-Prefix.pch */ = {isa = PBXFileReference; fileEncoding = 4; lastKnownFileType = sourcecode.c.h; path = "Minds Eye-Prefix.pch"; sourceTree = "<group>"; };
		8D1107310486CEB800E47090 /* Minds Eye-Info.plist */ = {isa = PBXFileReference; fileEncoding = 4; lastKnownFileType = text.plist.xml; name = "Minds Eye-Info.plist"; path = "Minds Eye/Minds Eye-Info.plist"; plistStructureDefinitionIdentifier = "com.apple.xcode.plist.structure-definition.iphone.info-plist"; sourceTree = SOURCE_ROOT; };
		EB87FDF31871DA8E0020F90C /* www */ = {isa = PBXFileReference; lastKnownFileType = folder; name = www; path = ../../www; sourceTree = "<group>"; };
		EB87FDF41871DAF40020F90C /* config.xml */ = {isa = PBXFileReference; lastKnownFileType = text.xml; name = config.xml; path = ../../config.xml; sourceTree = "<group>"; };
		F840E1F0165FE0F500CFE078 /* config.xml */ = {isa = PBXFileReference; lastKnownFileType = text.xml; name = config.xml; path = "Minds Eye/config.xml"; sourceTree = "<group>"; };
		ED33DF2A687741AEAF9F8254 /* Bridging-Header.h */ = {isa = PBXFileReference; fileEncoding = 4; lastKnownFileType = sourcecode.c.h; name = "Bridging-Header.h"; path = "Bridging-Header.h"; sourceTree = "<group>"; };
		417BC27504A44A9EAC1C3CBC /* CDVBattery.m */ = {isa = PBXFileReference; name = "CDVBattery.m"; path = "cordova-plugin-battery-status/CDVBattery.m"; sourceTree = "<group>"; fileEncoding = 4; lastKnownFileType = sourcecode.c.objc; explicitFileType = undefined; includeInIndex = 0; };
		3AE8F8A1A5994E36B367B95D /* CDVBattery.h */ = {isa = PBXFileReference; name = "CDVBattery.h"; path = "cordova-plugin-battery-status/CDVBattery.h"; sourceTree = "<group>"; fileEncoding = 4; lastKnownFileType = sourcecode.c.h; explicitFileType = undefined; includeInIndex = 0; };
		2656BC76969046E5971CD249 /* CDVLogger.m */ = {isa = PBXFileReference; name = "CDVLogger.m"; path = "cordova-plugin-console/CDVLogger.m"; sourceTree = "<group>"; fileEncoding = 4; lastKnownFileType = sourcecode.c.objc; explicitFileType = undefined; includeInIndex = 0; };
		1AF31385B0B744DA9E000FAB /* CDVLogger.h */ = {isa = PBXFileReference; name = "CDVLogger.h"; path = "cordova-plugin-console/CDVLogger.h"; sourceTree = "<group>"; fileEncoding = 4; lastKnownFileType = sourcecode.c.h; explicitFileType = undefined; includeInIndex = 0; };
		9BD9DAE8C0434A5387E05E32 /* CDVDevice.m */ = {isa = PBXFileReference; name = "CDVDevice.m"; path = "cordova-plugin-device/CDVDevice.m"; sourceTree = "<group>"; fileEncoding = 4; lastKnownFileType = sourcecode.c.objc; explicitFileType = undefined; includeInIndex = 0; };
		114C4CE8C0C542B2B731DC0E /* CDVDevice.h */ = {isa = PBXFileReference; name = "CDVDevice.h"; path = "cordova-plugin-device/CDVDevice.h"; sourceTree = "<group>"; fileEncoding = 4; lastKnownFileType = sourcecode.c.h; explicitFileType = undefined; includeInIndex = 0; };
		A4DF8E5789BB455DB3A5469B /* libz.tbd */ = {isa = PBXFileReference; name = "libz.tbd"; path = "libz.tbd"; sourceTree = "<group>"; fileEncoding = undefined; lastKnownFileType = unknown; explicitFileType = undefined; includeInIndex = 0; };
		75BC1757E7F94A41B954A068 /* CDVNotification.m */ = {isa = PBXFileReference; name = "CDVNotification.m"; path = "cordova-plugin-dialogs/CDVNotification.m"; sourceTree = "<group>"; fileEncoding = 4; lastKnownFileType = sourcecode.c.objc; explicitFileType = undefined; includeInIndex = 0; };
		828C92D1A6D848B49337BF6B /* CDVNotification.h */ = {isa = PBXFileReference; name = "CDVNotification.h"; path = "cordova-plugin-dialogs/CDVNotification.h"; sourceTree = "<group>"; fileEncoding = 4; lastKnownFileType = sourcecode.c.h; explicitFileType = undefined; includeInIndex = 0; };
		93B2014CE9384402816BD531 /* CDVNotification.bundle */ = {isa = PBXFileReference; name = "CDVNotification.bundle"; path = "CDVNotification.bundle"; sourceTree = "<group>"; fileEncoding = undefined; lastKnownFileType = wrapper.plug-in; explicitFileType = undefined; includeInIndex = 0; };
		F0A1266A29B944FDBB9D4BA0 /* AudioToolbox.framework */ = {isa = PBXFileReference; name = "AudioToolbox.framework"; path = "System/Library/Frameworks/AudioToolbox.framework"; sourceTree = SDKROOT; fileEncoding = undefined; lastKnownFileType = wrapper.framework; explicitFileType = undefined; includeInIndex = 0; };
		6CE3A1366AA3424DBFE2A9BB /* CDVFile.m */ = {isa = PBXFileReference; name = "CDVFile.m"; path = "cordova-plugin-file/CDVFile.m"; sourceTree = "<group>"; fileEncoding = 4; lastKnownFileType = sourcecode.c.objc; explicitFileType = undefined; includeInIndex = 0; };
		6FED704F977440F2BFBDA0CD /* CDVLocalFilesystem.m */ = {isa = PBXFileReference; name = "CDVLocalFilesystem.m"; path = "cordova-plugin-file/CDVLocalFilesystem.m"; sourceTree = "<group>"; fileEncoding = 4; lastKnownFileType = sourcecode.c.objc; explicitFileType = undefined; includeInIndex = 0; };
		31EA8C416A1845A39F56B2CE /* CDVAssetLibraryFilesystem.m */ = {isa = PBXFileReference; name = "CDVAssetLibraryFilesystem.m"; path = "cordova-plugin-file/CDVAssetLibraryFilesystem.m"; sourceTree = "<group>"; fileEncoding = 4; lastKnownFileType = sourcecode.c.objc; explicitFileType = undefined; includeInIndex = 0; };
		ECC13E42E740473AACD1C90B /* CDVFile.h */ = {isa = PBXFileReference; name = "CDVFile.h"; path = "cordova-plugin-file/CDVFile.h"; sourceTree = "<group>"; fileEncoding = 4; lastKnownFileType = sourcecode.c.h; explicitFileType = undefined; includeInIndex = 0; };
		5DAB5940C6364B7085432C9E /* CDVLocalFilesystem.h */ = {isa = PBXFileReference; name = "CDVLocalFilesystem.h"; path = "cordova-plugin-file/CDVLocalFilesystem.h"; sourceTree = "<group>"; fileEncoding = 4; lastKnownFileType = sourcecode.c.h; explicitFileType = undefined; includeInIndex = 0; };
		36CA7D877EFC469F9CDF435B /* CDVAssetLibraryFilesystem.h */ = {isa = PBXFileReference; name = "CDVAssetLibraryFilesystem.h"; path = "cordova-plugin-file/CDVAssetLibraryFilesystem.h"; sourceTree = "<group>"; fileEncoding = 4; lastKnownFileType = sourcecode.c.h; explicitFileType = undefined; includeInIndex = 0; };
		B0B75F422A754B1791E570E3 /* CDVLocation.m */ = {isa = PBXFileReference; name = "CDVLocation.m"; path = "cordova-plugin-geolocation/CDVLocation.m"; sourceTree = "<group>"; fileEncoding = 4; lastKnownFileType = sourcecode.c.objc; explicitFileType = undefined; includeInIndex = 0; };
		1D046800A50747E08843E019 /* CDVLocation.h */ = {isa = PBXFileReference; name = "CDVLocation.h"; path = "cordova-plugin-geolocation/CDVLocation.h"; sourceTree = "<group>"; fileEncoding = 4; lastKnownFileType = sourcecode.c.h; explicitFileType = undefined; includeInIndex = 0; };
		7B64DB20446D451E98D68274 /* CoreLocation.framework */ = {isa = PBXFileReference; name = "CoreLocation.framework"; path = "System/Library/Frameworks/CoreLocation.framework"; sourceTree = SDKROOT; fileEncoding = undefined; lastKnownFileType = wrapper.framework; explicitFileType = undefined; includeInIndex = 0; };
		7CD41BA69790460EBFBDBE34 /* CDVGlobalization.m */ = {isa = PBXFileReference; name = "CDVGlobalization.m"; path = "cordova-plugin-globalization/CDVGlobalization.m"; sourceTree = "<group>"; fileEncoding = 4; lastKnownFileType = sourcecode.c.objc; explicitFileType = undefined; includeInIndex = 0; };
		0C93277032004A99818F6A0D /* CDVGlobalization.h */ = {isa = PBXFileReference; name = "CDVGlobalization.h"; path = "cordova-plugin-globalization/CDVGlobalization.h"; sourceTree = "<group>"; fileEncoding = 4; lastKnownFileType = sourcecode.c.h; explicitFileType = undefined; includeInIndex = 0; };
		C1E5E80B4D704C8BA9D1DA39 /* CDVSound.m */ = {isa = PBXFileReference; name = "CDVSound.m"; path = "cordova-plugin-media/CDVSound.m"; sourceTree = "<group>"; fileEncoding = 4; lastKnownFileType = sourcecode.c.objc; explicitFileType = undefined; includeInIndex = 0; };
		E2AD762A2AB743C39C064E1C /* CDVSound.h */ = {isa = PBXFileReference; name = "CDVSound.h"; path = "cordova-plugin-media/CDVSound.h"; sourceTree = "<group>"; fileEncoding = 4; lastKnownFileType = sourcecode.c.h; explicitFileType = undefined; includeInIndex = 0; };
		45EDB4DB41044C9585CEB371 /* CDVSplashScreen.m */ = {isa = PBXFileReference; name = "CDVSplashScreen.m"; path = "cordova-plugin-splashscreen/CDVSplashScreen.m"; sourceTree = "<group>"; fileEncoding = 4; lastKnownFileType = sourcecode.c.objc; explicitFileType = undefined; includeInIndex = 0; };
		ED857CD407D944ABA58F45F4 /* CDVViewController+SplashScreen.m */ = {isa = PBXFileReference; name = "CDVViewController+SplashScreen.m"; path = "cordova-plugin-splashscreen/CDVViewController+SplashScreen.m"; sourceTree = "<group>"; fileEncoding = 4; lastKnownFileType = sourcecode.c.objc; explicitFileType = undefined; includeInIndex = 0; };
		39E51F025E4841A3A13FB94E /* CDVSplashScreen.h */ = {isa = PBXFileReference; name = "CDVSplashScreen.h"; path = "cordova-plugin-splashscreen/CDVSplashScreen.h"; sourceTree = "<group>"; fileEncoding = 4; lastKnownFileType = sourcecode.c.h; explicitFileType = undefined; includeInIndex = 0; };
		5A1C055F1DF645ABA99A14CC /* CDVViewController+SplashScreen.h */ = {isa = PBXFileReference; name = "CDVViewController+SplashScreen.h"; path = "cordova-plugin-splashscreen/CDVViewController+SplashScreen.h"; sourceTree = "<group>"; fileEncoding = 4; lastKnownFileType = sourcecode.c.h; explicitFileType = undefined; includeInIndex = 0; };
		A8F69ECD5C5048ABAE2C7B83 /* CDVStatusBar.m */ = {isa = PBXFileReference; name = "CDVStatusBar.m"; path = "cordova-plugin-statusbar/CDVStatusBar.m"; sourceTree = "<group>"; fileEncoding = 4; lastKnownFileType = sourcecode.c.objc; explicitFileType = undefined; includeInIndex = 0; };
		5EF1FFD0AD7D491BAC3CC45B /* CDVStatusBar.h */ = {isa = PBXFileReference; name = "CDVStatusBar.h"; path = "cordova-plugin-statusbar/CDVStatusBar.h"; sourceTree = "<group>"; fileEncoding = 4; lastKnownFileType = sourcecode.c.h; explicitFileType = undefined; includeInIndex = 0; };
		F068AF4D619C4076B062F1BB /* NSString+SSURLEncoding.m */ = {isa = PBXFileReference; name = "NSString+SSURLEncoding.m"; path = "cordova-plugin-x-socialsharing/NSString+SSURLEncoding.m"; sourceTree = "<group>"; fileEncoding = 4; lastKnownFileType = sourcecode.c.objc; explicitFileType = undefined; includeInIndex = 0; };
		AC1F4324485F4D94BAF91F3D /* SocialSharing.m */ = {isa = PBXFileReference; name = "SocialSharing.m"; path = "cordova-plugin-x-socialsharing/SocialSharing.m"; sourceTree = "<group>"; fileEncoding = 4; lastKnownFileType = sourcecode.c.objc; explicitFileType = undefined; includeInIndex = 0; };
		611FC4460F624563B48CAD01 /* NSString+SSURLEncoding.h */ = {isa = PBXFileReference; name = "NSString+SSURLEncoding.h"; path = "cordova-plugin-x-socialsharing/NSString+SSURLEncoding.h"; sourceTree = "<group>"; fileEncoding = 4; lastKnownFileType = sourcecode.c.h; explicitFileType = undefined; includeInIndex = 0; };
		1941BE00E8BF4A7F804710EB /* SocialSharing.h */ = {isa = PBXFileReference; name = "SocialSharing.h"; path = "cordova-plugin-x-socialsharing/SocialSharing.h"; sourceTree = "<group>"; fileEncoding = 4; lastKnownFileType = sourcecode.c.h; explicitFileType = undefined; includeInIndex = 0; };
		049784D4F8664013AAB4D7E8 /* Social.framework */ = {isa = PBXFileReference; name = "Social.framework"; path = "System/Library/Frameworks/Social.framework"; sourceTree = SDKROOT; fileEncoding = undefined; lastKnownFileType = wrapper.framework; explicitFileType = undefined; includeInIndex = 0; };
		6A810E7C99214DD9A36A48BB /* MessageUI.framework */ = {isa = PBXFileReference; name = "MessageUI.framework"; path = "System/Library/Frameworks/MessageUI.framework"; sourceTree = SDKROOT; fileEncoding = undefined; lastKnownFileType = wrapper.framework; explicitFileType = undefined; includeInIndex = 0; };
		488B16251A8543318F2C1567 /* CDVCapture.m */ = {isa = PBXFileReference; name = "CDVCapture.m"; path = "cordova-plugin-media-capture/CDVCapture.m"; sourceTree = "<group>"; fileEncoding = 4; lastKnownFileType = sourcecode.c.objc; explicitFileType = undefined; includeInIndex = 0; };
		AF7D74FA28A64FD78156F2EB /* CDVCapture.h */ = {isa = PBXFileReference; name = "CDVCapture.h"; path = "cordova-plugin-media-capture/CDVCapture.h"; sourceTree = "<group>"; fileEncoding = 4; lastKnownFileType = sourcecode.c.h; explicitFileType = undefined; includeInIndex = 0; };
		DE77D415D3584B48B849E9FF /* CDVCapture.bundle */ = {isa = PBXFileReference; name = "CDVCapture.bundle"; path = "CDVCapture.bundle"; sourceTree = "<group>"; fileEncoding = undefined; lastKnownFileType = wrapper.plug-in; explicitFileType = undefined; includeInIndex = 0; };
		4B90F072693143D1A93F41AF /* CDVMediaStream.m */ = {isa = PBXFileReference; name = "CDVMediaStream.m"; path = "phonegap-plugin-media-stream/CDVMediaStream.m"; sourceTree = "<group>"; fileEncoding = 4; lastKnownFileType = sourcecode.c.objc; explicitFileType = undefined; includeInIndex = 0; };
		3E5164D01367483A9BECDB40 /* CameraViewController.m */ = {isa = PBXFileReference; name = "CameraViewController.m"; path = "phonegap-plugin-media-stream/CameraViewController.m"; sourceTree = "<group>"; fileEncoding = 4; lastKnownFileType = sourcecode.c.objc; explicitFileType = undefined; includeInIndex = 0; };
		2A1825EA85A14BF09FD7DA56 /* JPSCameraButton.m */ = {isa = PBXFileReference; name = "JPSCameraButton.m"; path = "phonegap-plugin-media-stream/JPSCameraButton.m"; sourceTree = "<group>"; fileEncoding = 4; lastKnownFileType = sourcecode.c.objc; explicitFileType = undefined; includeInIndex = 0; };
		D11C58039D4640949256D72A /* UIImage+DrawBlock.m */ = {isa = PBXFileReference; name = "UIImage+DrawBlock.m"; path = "phonegap-plugin-media-stream/UIImage+DrawBlock.m"; sourceTree = "<group>"; fileEncoding = 4; lastKnownFileType = sourcecode.c.objc; explicitFileType = undefined; includeInIndex = 0; };
		0B987801E2B54FF38F3A217C /* CDVMediaStream.h */ = {isa = PBXFileReference; name = "CDVMediaStream.h"; path = "phonegap-plugin-media-stream/CDVMediaStream.h"; sourceTree = "<group>"; fileEncoding = 4; lastKnownFileType = sourcecode.c.h; explicitFileType = undefined; includeInIndex = 0; };
		EBB75366A65342609F848A4C /* CameraViewController.h */ = {isa = PBXFileReference; name = "CameraViewController.h"; path = "phonegap-plugin-media-stream/CameraViewController.h"; sourceTree = "<group>"; fileEncoding = 4; lastKnownFileType = sourcecode.c.h; explicitFileType = undefined; includeInIndex = 0; };
		F176419235294DC0BB9EED18 /* JPSCameraButton.h */ = {isa = PBXFileReference; name = "JPSCameraButton.h"; path = "phonegap-plugin-media-stream/JPSCameraButton.h"; sourceTree = "<group>"; fileEncoding = 4; lastKnownFileType = sourcecode.c.h; explicitFileType = undefined; includeInIndex = 0; };
		F077C61CAAC04037AD5D636F /* UIImage+DrawBlock.h */ = {isa = PBXFileReference; name = "UIImage+DrawBlock.h"; path = "phonegap-plugin-media-stream/UIImage+DrawBlock.h"; sourceTree = "<group>"; fileEncoding = 4; lastKnownFileType = sourcecode.c.h; explicitFileType = undefined; includeInIndex = 0; };
		DCA154E25611403B8342D749 /* CameraViewController.xib */ = {isa = PBXFileReference; name = "CameraViewController.xib"; path = "CameraViewController.xib"; sourceTree = "<group>"; fileEncoding = undefined; lastKnownFileType = file.xib; explicitFileType = undefined; includeInIndex = 0; };
		34E7E5AFCA434729A14FC1C9 /* CDVMediaRecorder.m */ = {isa = PBXFileReference; name = "CDVMediaRecorder.m"; path = "phonegap-plugin-media-recorder/CDVMediaRecorder.m"; sourceTree = "<group>"; fileEncoding = 4; lastKnownFileType = sourcecode.c.objc; explicitFileType = undefined; includeInIndex = 0; };
		72A06128F6FE4CCB81463AA9 /* CDVAudioRecorder.m */ = {isa = PBXFileReference; name = "CDVAudioRecorder.m"; path = "phonegap-plugin-media-recorder/CDVAudioRecorder.m"; sourceTree = "<group>"; fileEncoding = 4; lastKnownFileType = sourcecode.c.objc; explicitFileType = undefined; includeInIndex = 0; };
		10357DDC4AF34C47837676AC /* CDVMediaRecorder.h */ = {isa = PBXFileReference; name = "CDVMediaRecorder.h"; path = "phonegap-plugin-media-recorder/CDVMediaRecorder.h"; sourceTree = "<group>"; fileEncoding = 4; lastKnownFileType = sourcecode.c.h; explicitFileType = undefined; includeInIndex = 0; };
		5B42967A1D4648938F6A92ED /* CDVAudioRecorder.h */ = {isa = PBXFileReference; name = "CDVAudioRecorder.h"; path = "phonegap-plugin-media-recorder/CDVAudioRecorder.h"; sourceTree = "<group>"; fileEncoding = 4; lastKnownFileType = sourcecode.c.h; explicitFileType = undefined; includeInIndex = 0; };
		6B7913BFEAA248CB89E24965 /* CDVMediaRecorder.bundle */ = {isa = PBXFileReference; name = "CDVMediaRecorder.bundle"; path = "CDVMediaRecorder.bundle"; sourceTree = "<group>"; fileEncoding = undefined; lastKnownFileType = wrapper.plug-in; explicitFileType = undefined; includeInIndex = 0; };
/* End PBXFileReference section */

/* Begin PBXFrameworksBuildPhase section */
		1D60588F0D05DD3D006BFB54 /* Frameworks */ = {
			isa = PBXFrameworksBuildPhase;
			buildActionMask = 2147483647;
			files = (
				301BF552109A68D80062928A /* libCordova.a in Frameworks */,
				F9FFB6D4CF264B06B6CD859A /* libz.tbd in Resources */,
				18CC2EBD6EC447D289FCD85A /* AudioToolbox.framework in Frameworks */,
				F6558608085D4025B42B38EF /* CoreLocation.framework in Frameworks */,
				5C9AD79E20EB4EE68D89D8A6 /* Social.framework in Frameworks */,
				00E38CEFEA744587B5486137 /* MessageUI.framework in Frameworks */,
			);
			runOnlyForDeploymentPostprocessing = 0;
		};
/* End PBXFrameworksBuildPhase section */

/* Begin PBXGroup section */
		080E96DDFE201D6D7F000001 /* Classes */ = {
			isa = PBXGroup;
			children = (
				302D95EE14D2391D003F00A1 /* MainViewController.h */,
				302D95EF14D2391D003F00A1 /* MainViewController.m */,
				302D95F014D2391D003F00A1 /* MainViewController.xib */,
				1D3623240D0F684500981E51 /* AppDelegate.h */,
				1D3623250D0F684500981E51 /* AppDelegate.m */,
			);
			name = Classes;
			path = "Minds Eye/Classes";
			sourceTree = SOURCE_ROOT;
		};
		19C28FACFE9D520D11CA2CBB /* Products */ = {
			isa = PBXGroup;
			children = (
				1D6058910D05DD3D006BFB54 /* Minds Eye.app */,
			);
			name = Products;
			sourceTree = "<group>";
		};
		29B97314FDCFA39411CA2CEA /* CustomTemplate */ = {
			isa = PBXGroup;
			children = (
				EB87FDF41871DAF40020F90C /* config.xml */,
				EB87FDF31871DA8E0020F90C /* www */,
				EB87FDF11871DA420020F90C /* Staging */,
				301BF52D109A57CC0062928A /* CordovaLib.xcodeproj */,
				080E96DDFE201D6D7F000001 /* Classes */,
				307C750510C5A3420062BCA9 /* Plugins */,
				29B97315FDCFA39411CA2CEA /* Other Sources */,
				29B97317FDCFA39411CA2CEA /* Resources */,
				29B97323FDCFA39411CA2CEA /* Frameworks */,
				19C28FACFE9D520D11CA2CBB /* Products */,
			);
			name = CustomTemplate;
			sourceTree = "<group>";
		};
		29B97315FDCFA39411CA2CEA /* Other Sources */ = {
			isa = PBXGroup;
			children = (
				32CA4F630368D1EE00C91783 /* Minds Eye-Prefix.pch */,
				29B97316FDCFA39411CA2CEA /* main.m */,
				ED33DF2A687741AEAF9F8254 /* Bridging-Header.h */,
			);
			name = "Other Sources";
			path = "Minds Eye";
			sourceTree = "<group>";
		};
		29B97317FDCFA39411CA2CEA /* Resources */ = {
			isa = PBXGroup;
			children = (
				0207DA571B56EA530066E2B4 /* Images.xcassets */,
				3047A50E1AB8057F00498E2A /* config */,
				8D1107310486CEB800E47090 /* Minds Eye-Info.plist */,
				93B2014CE9384402816BD531 /* CDVNotification.bundle */,
				DE77D415D3584B48B849E9FF /* CDVCapture.bundle */,
				DCA154E25611403B8342D749 /* CameraViewController.xib */,
				6B7913BFEAA248CB89E24965 /* CDVMediaRecorder.bundle */,
			);
			name = Resources;
			path = "Minds Eye/Resources";
			sourceTree = "<group>";
		};
		29B97323FDCFA39411CA2CEA /* Frameworks */ = {
			isa = PBXGroup;
			children = (
				A4DF8E5789BB455DB3A5469B /* libz.tbd */,
				F0A1266A29B944FDBB9D4BA0 /* AudioToolbox.framework */,
				7B64DB20446D451E98D68274 /* CoreLocation.framework */,
				049784D4F8664013AAB4D7E8 /* Social.framework */,
				6A810E7C99214DD9A36A48BB /* MessageUI.framework */,
			);
			name = Frameworks;
			sourceTree = "<group>";
		};
		301BF52E109A57CC0062928A /* Products */ = {
			isa = PBXGroup;
			children = (
				301BF535109A57CC0062928A /* libCordova.a */,
			);
			name = Products;
			sourceTree = "<group>";
		};
		3047A50E1AB8057F00498E2A /* config */ = {
			isa = PBXGroup;
			children = (
				3047A50F1AB8059700498E2A /* build-debug.xcconfig */,
				3047A5101AB8059700498E2A /* build-release.xcconfig */,
				3047A5111AB8059700498E2A /* build.xcconfig */,
			);
			name = config;
			sourceTree = "<group>";
		};
		307C750510C5A3420062BCA9 /* Plugins */ = {
			isa = PBXGroup;
			children = (
				417BC27504A44A9EAC1C3CBC /* CDVBattery.m */,
				3AE8F8A1A5994E36B367B95D /* CDVBattery.h */,
				2656BC76969046E5971CD249 /* CDVLogger.m */,
				1AF31385B0B744DA9E000FAB /* CDVLogger.h */,
				9BD9DAE8C0434A5387E05E32 /* CDVDevice.m */,
				114C4CE8C0C542B2B731DC0E /* CDVDevice.h */,
				75BC1757E7F94A41B954A068 /* CDVNotification.m */,
				828C92D1A6D848B49337BF6B /* CDVNotification.h */,
				6CE3A1366AA3424DBFE2A9BB /* CDVFile.m */,
				6FED704F977440F2BFBDA0CD /* CDVLocalFilesystem.m */,
				31EA8C416A1845A39F56B2CE /* CDVAssetLibraryFilesystem.m */,
				ECC13E42E740473AACD1C90B /* CDVFile.h */,
				5DAB5940C6364B7085432C9E /* CDVLocalFilesystem.h */,
				36CA7D877EFC469F9CDF435B /* CDVAssetLibraryFilesystem.h */,
				B0B75F422A754B1791E570E3 /* CDVLocation.m */,
				1D046800A50747E08843E019 /* CDVLocation.h */,
				7CD41BA69790460EBFBDBE34 /* CDVGlobalization.m */,
				0C93277032004A99818F6A0D /* CDVGlobalization.h */,
				C1E5E80B4D704C8BA9D1DA39 /* CDVSound.m */,
				E2AD762A2AB743C39C064E1C /* CDVSound.h */,
				45EDB4DB41044C9585CEB371 /* CDVSplashScreen.m */,
				ED857CD407D944ABA58F45F4 /* CDVViewController+SplashScreen.m */,
				39E51F025E4841A3A13FB94E /* CDVSplashScreen.h */,
				5A1C055F1DF645ABA99A14CC /* CDVViewController+SplashScreen.h */,
				A8F69ECD5C5048ABAE2C7B83 /* CDVStatusBar.m */,
				5EF1FFD0AD7D491BAC3CC45B /* CDVStatusBar.h */,
				F068AF4D619C4076B062F1BB /* NSString+SSURLEncoding.m */,
				AC1F4324485F4D94BAF91F3D /* SocialSharing.m */,
				611FC4460F624563B48CAD01 /* NSString+SSURLEncoding.h */,
				1941BE00E8BF4A7F804710EB /* SocialSharing.h */,
				488B16251A8543318F2C1567 /* CDVCapture.m */,
				AF7D74FA28A64FD78156F2EB /* CDVCapture.h */,
				4B90F072693143D1A93F41AF /* CDVMediaStream.m */,
				3E5164D01367483A9BECDB40 /* CameraViewController.m */,
				2A1825EA85A14BF09FD7DA56 /* JPSCameraButton.m */,
				D11C58039D4640949256D72A /* UIImage+DrawBlock.m */,
				0B987801E2B54FF38F3A217C /* CDVMediaStream.h */,
				EBB75366A65342609F848A4C /* CameraViewController.h */,
				F176419235294DC0BB9EED18 /* JPSCameraButton.h */,
				F077C61CAAC04037AD5D636F /* UIImage+DrawBlock.h */,
				34E7E5AFCA434729A14FC1C9 /* CDVMediaRecorder.m */,
				72A06128F6FE4CCB81463AA9 /* CDVAudioRecorder.m */,
				10357DDC4AF34C47837676AC /* CDVMediaRecorder.h */,
				5B42967A1D4648938F6A92ED /* CDVAudioRecorder.h */,
			);
			name = Plugins;
			path = "Minds Eye/Plugins";
			sourceTree = SOURCE_ROOT;
		};
		EB87FDF11871DA420020F90C /* Staging */ = {
			isa = PBXGroup;
			children = (
				F840E1F0165FE0F500CFE078 /* config.xml */,
				301BF56E109A69640062928A /* www */,
			);
			name = Staging;
			sourceTree = "<group>";
		};
/* End PBXGroup section */

/* Begin PBXNativeTarget section */
		1D6058900D05DD3D006BFB54 /* Minds Eye */ = {
			isa = PBXNativeTarget;
			buildConfigurationList = 1D6058960D05DD3E006BFB54 /* Build configuration list for PBXNativeTarget "Minds Eye" */;
			buildPhases = (
				304B58A110DAC018002A0835 /* Copy www directory */,
				1D60588D0D05DD3D006BFB54 /* Resources */,
				1D60588E0D05DD3D006BFB54 /* Sources */,
				1D60588F0D05DD3D006BFB54 /* Frameworks */,
			);
			buildRules = (
			);
			dependencies = (
				301BF551109A68C00062928A /* PBXTargetDependency */,
			);
			name = "Minds Eye";
			productName = "Minds Eye";
			productReference = 1D6058910D05DD3D006BFB54 /* Minds Eye.app */;
			productType = "com.apple.product-type.application";
		};
/* End PBXNativeTarget section */

/* Begin PBXProject section */
		29B97313FDCFA39411CA2CEA /* Project object */ = {
			isa = PBXProject;
			attributes = {
				LastUpgradeCheck = 510;
			};
			buildConfigurationList = C01FCF4E08A954540054247B /* Build configuration list for PBXProject "__NON-CLI__" */;
			compatibilityVersion = "Xcode 3.2";
			developmentRegion = English;
			hasScannedForEncodings = 1;
			mainGroup = 29B97314FDCFA39411CA2CEA /* CustomTemplate */;
			projectDirPath = "";
			projectReferences = (
				{
					ProductGroup = 301BF52E109A57CC0062928A /* Products */;
					ProjectRef = 301BF52D109A57CC0062928A /* CordovaLib.xcodeproj */;
				},
			);
			projectRoot = "";
			targets = (
				1D6058900D05DD3D006BFB54 /* Minds Eye */,
			);
		};
/* End PBXProject section */

/* Begin PBXReferenceProxy section */
		301BF535109A57CC0062928A /* libCordova.a */ = {
			isa = PBXReferenceProxy;
			fileType = archive.ar;
			path = libCordova.a;
			remoteRef = 301BF534109A57CC0062928A /* PBXContainerItemProxy */;
			sourceTree = BUILT_PRODUCTS_DIR;
		};
/* End PBXReferenceProxy section */

/* Begin PBXResourcesBuildPhase section */
		1D60588D0D05DD3D006BFB54 /* Resources */ = {
			isa = PBXResourcesBuildPhase;
			buildActionMask = 2147483647;
			files = (
				302D95F214D2391D003F00A1 /* MainViewController.xib in Resources */,
				3047A5131AB8059700498E2A /* build-release.xcconfig in Resources */,
				3047A5141AB8059700498E2A /* build.xcconfig in Resources */,
				0207DA581B56EA530066E2B4 /* Images.xcassets in Resources */,
				3047A5121AB8059700498E2A /* build-debug.xcconfig in Resources */,
				713B5451A00B46C7BB8216BD /* CDVNotification.bundle in Resources */,
				91EAB14E47D145F09E0765A1 /* CDVCapture.bundle in Resources */,
				428C91A128674FF79305758E /* CameraViewController.xib in Resources */,
				D705AD718B80481EB4685E92 /* CDVMediaRecorder.bundle in Resources */,
			);
			runOnlyForDeploymentPostprocessing = 0;
		};
/* End PBXResourcesBuildPhase section */

/* Begin PBXShellScriptBuildPhase section */
		304B58A110DAC018002A0835 /* Copy www directory */ = {
			isa = PBXShellScriptBuildPhase;
			buildActionMask = 2147483647;
			files = (
			);
			inputPaths = (
			);
			name = "Copy www directory";
			outputPaths = (
			);
			runOnlyForDeploymentPostprocessing = 0;
			shellPath = /bin/sh;
			shellScript = "NODEJS_PATH=/usr/local/bin; NVM_NODE_PATH=~/.nvm/versions/node/`nvm version 2>/dev/null`/bin; N_NODE_PATH=`find /usr/local/n/versions/node/* -maxdepth 0 -type d 2>/dev/null | tail -1`/bin; XCODE_NODE_PATH=`xcode-select --print-path`/usr/share/xcs/Node/bin; PATH=$NODEJS_PATH:$NVM_NODE_PATH:$N_NODE_PATH:$XCODE_NODE_PATH:$PATH && node cordova/lib/copy-www-build-step.js";
			showEnvVarsInLog = 0;
		};
/* End PBXShellScriptBuildPhase section */

/* Begin PBXSourcesBuildPhase section */
		1D60588E0D05DD3D006BFB54 /* Sources */ = {
			isa = PBXSourcesBuildPhase;
			buildActionMask = 2147483647;
			files = (
				1D60589B0D05DD56006BFB54 /* main.m in Sources */,
				1D3623260D0F684500981E51 /* AppDelegate.m in Sources */,
				302D95F114D2391D003F00A1 /* MainViewController.m in Sources */,
				996856FECB6944B283C78593 /* CDVBattery.m in Sources */,
				DCF3935350284311994A77A4 /* CDVLogger.m in Sources */,
				283BA5535F324D3FBE8F1B24 /* CDVDevice.m in Sources */,
				A40431C1A5714BFDA3E3927C /* CDVNotification.m in Sources */,
				9877B1CC42AE4C438682D2C1 /* CDVFile.m in Sources */,
				E3B547F592734DDCB16BC732 /* CDVLocalFilesystem.m in Sources */,
				1A1AED44B5334BFC9DA467D0 /* CDVAssetLibraryFilesystem.m in Sources */,
				2C56370278BA4FEE83D35A70 /* CDVLocation.m in Sources */,
				B6B7991DFC50419789EDF4BA /* CDVGlobalization.m in Sources */,
				BA932A297D364489915CCF22 /* CDVSound.m in Sources */,
				DA484F6A12C5498F8387095F /* CDVSplashScreen.m in Sources */,
				B91BE1D5246D48B0B04D1F45 /* CDVViewController+SplashScreen.m in Sources */,
				726358BE4BE24601A2AE62DC /* CDVStatusBar.m in Sources */,
				A168A6097B01414892623ABF /* NSString+SSURLEncoding.m in Sources */,
				CD2EB8C496D94618ACD2B53F /* SocialSharing.m in Sources */,
				B088E42608744733A8539FC3 /* CDVCapture.m in Sources */,
				AD054F1E7F5449E6B1488A0C /* CDVMediaStream.m in Sources */,
				EDE98CA434B84D1A9A5143AE /* CameraViewController.m in Sources */,
				80959077FEA244B1A8890D6F /* JPSCameraButton.m in Sources */,
				C0B8E384DB1846059FC00738 /* UIImage+DrawBlock.m in Sources */,
				F9019E95058B4D7B8D44E00E /* CDVMediaRecorder.m in Sources */,
				E7C2C2D1B4D54CDE92828758 /* CDVAudioRecorder.m in Sources */,
			);
			runOnlyForDeploymentPostprocessing = 0;
		};
/* End PBXSourcesBuildPhase section */

/* Begin PBXTargetDependency section */
		301BF551109A68C00062928A /* PBXTargetDependency */ = {
			isa = PBXTargetDependency;
			name = CordovaLib;
			targetProxy = 301BF550109A68C00062928A /* PBXContainerItemProxy */;
		};
/* End PBXTargetDependency section */

/* Begin XCBuildConfiguration section */
		1D6058940D05DD3E006BFB54 /* Debug */ = {
			isa = XCBuildConfiguration;
			baseConfigurationReference = 3047A50F1AB8059700498E2A /* build-debug.xcconfig */;
			buildSettings = {
				ALWAYS_SEARCH_USER_PATHS = NO;
				ASSETCATALOG_COMPILER_APPICON_NAME = AppIcon;
				ASSETCATALOG_COMPILER_LAUNCHIMAGE_NAME = LaunchImage;
				CLANG_ENABLE_MODULES = YES;
				CLANG_ENABLE_OBJC_ARC = YES;
				COPY_PHASE_STRIP = NO;
				GCC_DYNAMIC_NO_PIC = NO;
				GCC_OPTIMIZATION_LEVEL = 0;
				GCC_PRECOMPILE_PREFIX_HEADER = YES;
				GCC_PREFIX_HEADER = "Minds Eye/Minds Eye-Prefix.pch";
				GCC_THUMB_SUPPORT = NO;
				GCC_VERSION = "";
				INFOPLIST_FILE = "Minds Eye/Minds Eye-Info.plist";
				LD_RUNPATH_SEARCH_PATHS = "@executable_path/Frameworks";
				PRODUCT_NAME = "Minds Eye";
			};
			name = Debug;
		};
		1D6058950D05DD3E006BFB54 /* Release */ = {
			isa = XCBuildConfiguration;
			baseConfigurationReference = 3047A5101AB8059700498E2A /* build-release.xcconfig */;
			buildSettings = {
				ALWAYS_SEARCH_USER_PATHS = NO;
				ASSETCATALOG_COMPILER_APPICON_NAME = AppIcon;
				ASSETCATALOG_COMPILER_LAUNCHIMAGE_NAME = LaunchImage;
				CLANG_ENABLE_MODULES = YES;
				CLANG_ENABLE_OBJC_ARC = YES;
				COPY_PHASE_STRIP = YES;
				GCC_PRECOMPILE_PREFIX_HEADER = YES;
				GCC_PREFIX_HEADER = "Minds Eye/Minds Eye-Prefix.pch";
				GCC_THUMB_SUPPORT = NO;
				GCC_VERSION = "";
				INFOPLIST_FILE = "Minds Eye/Minds Eye-Info.plist";
				PRODUCT_NAME = "Minds Eye";
			};
			name = Release;
		};
		C01FCF4F08A954540054247B /* Debug */ = {
			isa = XCBuildConfiguration;
			baseConfigurationReference = 3047A5111AB8059700498E2A /* build.xcconfig */;
			buildSettings = {
				CLANG_ENABLE_MODULES = YES;
				CLANG_ENABLE_OBJC_ARC = YES;
				CLANG_WARN_BOOL_CONVERSION = YES;
				CLANG_WARN_CONSTANT_CONVERSION = YES;
				CLANG_WARN_EMPTY_BODY = YES;
				CLANG_WARN_ENUM_CONVERSION = YES;
				CLANG_WARN_INT_CONVERSION = YES;
				CLANG_WARN__DUPLICATE_METHOD_MATCH = YES;
				GCC_C_LANGUAGE_STANDARD = c99;
				GCC_THUMB_SUPPORT = NO;
				GCC_VERSION = "";
				GCC_WARN_ABOUT_RETURN_TYPE = YES;
				GCC_WARN_UNDECLARED_SELECTOR = YES;
				GCC_WARN_UNINITIALIZED_AUTOS = YES;
				GCC_WARN_UNUSED_FUNCTION = YES;
				GCC_WARN_UNUSED_VARIABLE = YES;
				ONLY_ACTIVE_ARCH = YES;
				SDKROOT = iphoneos;
				SKIP_INSTALL = NO;
				PRODUCT_NAME = "Minds Eye";
			};
			name = Debug;
		};
		C01FCF5008A954540054247B /* Release */ = {
			isa = XCBuildConfiguration;
			baseConfigurationReference = 3047A5111AB8059700498E2A /* build.xcconfig */;
			buildSettings = {
				CLANG_ENABLE_MODULES = YES;
				CLANG_ENABLE_OBJC_ARC = YES;
				CLANG_WARN_BOOL_CONVERSION = YES;
				CLANG_WARN_CONSTANT_CONVERSION = YES;
				CLANG_WARN_EMPTY_BODY = YES;
				CLANG_WARN_ENUM_CONVERSION = YES;
				CLANG_WARN_INT_CONVERSION = YES;
				CLANG_WARN__DUPLICATE_METHOD_MATCH = YES;
				GCC_C_LANGUAGE_STANDARD = c99;
				GCC_THUMB_SUPPORT = NO;
				GCC_VERSION = "";
				GCC_WARN_ABOUT_RETURN_TYPE = YES;
				GCC_WARN_UNDECLARED_SELECTOR = YES;
				GCC_WARN_UNINITIALIZED_AUTOS = YES;
				GCC_WARN_UNUSED_FUNCTION = YES;
				GCC_WARN_UNUSED_VARIABLE = YES;
				SDKROOT = iphoneos;
				SKIP_INSTALL = NO;
				PRODUCT_NAME = "Minds Eye";
			};
			name = Release;
		};
/* End XCBuildConfiguration section */

/* Begin XCConfigurationList section */
		1D6058960D05DD3E006BFB54 /* Build configuration list for PBXNativeTarget "Minds Eye" */ = {
			isa = XCConfigurationList;
			buildConfigurations = (
				1D6058940D05DD3E006BFB54 /* Debug */,
				1D6058950D05DD3E006BFB54 /* Release */,
			);
			defaultConfigurationIsVisible = 0;
			defaultConfigurationName = Release;
		};
		C01FCF4E08A954540054247B /* Build configuration list for PBXProject "__NON-CLI__" */ = {
			isa = XCConfigurationList;
			buildConfigurations = (
				C01FCF4F08A954540054247B /* Debug */,
				C01FCF5008A954540054247B /* Release */,
			);
			defaultConfigurationIsVisible = 0;
			defaultConfigurationName = Release;
		};
/* End XCConfigurationList section */
	};
	rootObject = 29B97313FDCFA39411CA2CEA /* Project object */;
}
